// !$*UTF8*$!
{
	archiveVersion = 1;
	classes = {
	};
	objectVersion = 50;
	objects = {

/* Begin PBXBuildFile section */
		3C0DA6E2224487B9006C8D4E /* UIView+Extension.swift in Sources */ = {isa = PBXBuildFile; fileRef = 3C0DA6E1224487B9006C8D4E /* UIView+Extension.swift */; };
		3C0DA6E4224487E9006C8D4E /* NSObject+Extension.swift in Sources */ = {isa = PBXBuildFile; fileRef = 3C0DA6E3224487E9006C8D4E /* NSObject+Extension.swift */; };
		3C0DA6E6224487F1006C8D4E /* Date+Extension.swift in Sources */ = {isa = PBXBuildFile; fileRef = 3C0DA6E5224487F1006C8D4E /* Date+Extension.swift */; };
		3C0FF0A8223F2AFB0090466F /* LLFOneViewTableViewCell.swift in Sources */ = {isa = PBXBuildFile; fileRef = 3C0FF0A6223F2AFB0090466F /* LLFOneViewTableViewCell.swift */; };
		3C0FF0A9223F2AFB0090466F /* LLFOneViewTableViewCell.xib in Resources */ = {isa = PBXBuildFile; fileRef = 3C0FF0A7223F2AFB0090466F /* LLFOneViewTableViewCell.xib */; };
		3C60901D224375F100ECF7B9 /* LLFBaseViewController.m in Sources */ = {isa = PBXBuildFile; fileRef = 3C60901C224375F100ECF7B9 /* LLFBaseViewController.m */; };
		3C609023224376C400ECF7B9 /* LLFBaseNavigationeController.m in Sources */ = {isa = PBXBuildFile; fileRef = 3C609022224376C400ECF7B9 /* LLFBaseNavigationeController.m */; };
		3C6090282243771000ECF7B9 /* LLFWKWebViewController.m in Sources */ = {isa = PBXBuildFile; fileRef = 3C6090242243770F00ECF7B9 /* LLFWKWebViewController.m */; };
		3C6090292243771000ECF7B9 /* NewFeatureViewController.m in Sources */ = {isa = PBXBuildFile; fileRef = 3C6090262243771000ECF7B9 /* NewFeatureViewController.m */; };
		3C60902E2243781000ECF7B9 /* LLLBaseViewController.swift in Sources */ = {isa = PBXBuildFile; fileRef = 3C60902D2243781000ECF7B9 /* LLLBaseViewController.swift */; };
		3C6090302243785D00ECF7B9 /* LLLBaseTabBarController.swift in Sources */ = {isa = PBXBuildFile; fileRef = 3C60902F2243785D00ECF7B9 /* LLLBaseTabBarController.swift */; };
		3C6090322243789D00ECF7B9 /* LLLBaseNavigationViewController.swift in Sources */ = {isa = PBXBuildFile; fileRef = 3C6090312243789D00ECF7B9 /* LLLBaseNavigationViewController.swift */; };
		3C609034224378E200ECF7B9 /* LLLWKWebViewController.swift in Sources */ = {isa = PBXBuildFile; fileRef = 3C609033224378E200ECF7B9 /* LLLWKWebViewController.swift */; };
		3C609038224379D400ECF7B9 /* UIWindow+Category.m in Sources */ = {isa = PBXBuildFile; fileRef = 3C609037224379D400ECF7B9 /* UIWindow+Category.m */; };
		3C60903B22437ACE00ECF7B9 /* LLFBaseTabBarViewController.m in Sources */ = {isa = PBXBuildFile; fileRef = 3C60903A22437ACD00ECF7B9 /* LLFBaseTabBarViewController.m */; };
		3C74DB102241C9F20073C6EF /* LLFGetViewController.swift in Sources */ = {isa = PBXBuildFile; fileRef = 3C74DB0F2241C9F20073C6EF /* LLFGetViewController.swift */; };
		3C74DB122241E0C60073C6EF /* LLFgetPushHolidayModel.swift in Sources */ = {isa = PBXBuildFile; fileRef = 3C74DB112241E0C60073C6EF /* LLFgetPushHolidayModel.swift */; };
		3C86394222407EF1000FDF82 /* LLFBaseModel.swift in Sources */ = {isa = PBXBuildFile; fileRef = 3C86394122407EF1000FDF82 /* LLFBaseModel.swift */; };
		3C86394422407F0D000FDF82 /* LLFListModel.swift in Sources */ = {isa = PBXBuildFile; fileRef = 3C86394322407F0D000FDF82 /* LLFListModel.swift */; };
		3C86394622407F20000FDF82 /* LLFDictionaryModel.swift in Sources */ = {isa = PBXBuildFile; fileRef = 3C86394522407F20000FDF82 /* LLFDictionaryModel.swift */; };
		3C863948224082FD000FDF82 /* LLFOneViewModel.swift in Sources */ = {isa = PBXBuildFile; fileRef = 3C863947224082FD000FDF82 /* LLFOneViewModel.swift */; };
		3C86394A2240921C000FDF82 /* BuildBaseInfoModel.swift in Sources */ = {isa = PBXBuildFile; fileRef = 3C8639492240921C000FDF82 /* BuildBaseInfoModel.swift */; };
		3CA051C32238E70200DA81FF /* AppDelegate.swift in Sources */ = {isa = PBXBuildFile; fileRef = 3CA051C22238E70200DA81FF /* AppDelegate.swift */; };
		3CA051CA2238E70400DA81FF /* Assets.xcassets in Resources */ = {isa = PBXBuildFile; fileRef = 3CA051C92238E70400DA81FF /* Assets.xcassets */; };
		3CA051CD2238E70400DA81FF /* LaunchScreen.storyboard in Resources */ = {isa = PBXBuildFile; fileRef = 3CA051CB2238E70400DA81FF /* LaunchScreen.storyboard */; };
		3CA051D82238E70400DA81FF /* LLFSwifDemoTests.swift in Sources */ = {isa = PBXBuildFile; fileRef = 3CA051D72238E70400DA81FF /* LLFSwifDemoTests.swift */; };
		3CA051E32238E70400DA81FF /* LLFSwifDemoUITests.swift in Sources */ = {isa = PBXBuildFile; fileRef = 3CA051E22238E70400DA81FF /* LLFSwifDemoUITests.swift */; };
		3CA052182238F35700DA81FF /* LLFOneViewController.swift in Sources */ = {isa = PBXBuildFile; fileRef = 3CA052172238F35700DA81FF /* LLFOneViewController.swift */; };
		3CA0521A2238F36C00DA81FF /* LLFTwoViewController.swift in Sources */ = {isa = PBXBuildFile; fileRef = 3CA052192238F36C00DA81FF /* LLFTwoViewController.swift */; };
		3CA0521C2238F37D00DA81FF /* LLFThreeViewController.swift in Sources */ = {isa = PBXBuildFile; fileRef = 3CA0521B2238F37D00DA81FF /* LLFThreeViewController.swift */; };
		3CA0521E2238F38F00DA81FF /* LLFFourViewController.swift in Sources */ = {isa = PBXBuildFile; fileRef = 3CA0521D2238F38F00DA81FF /* LLFFourViewController.swift */; };
		3CD1CEC02249C24E00631602 /* LLFCollectionViewCell.swift in Sources */ = {isa = PBXBuildFile; fileRef = 3CD1CEBE2249C24E00631602 /* LLFCollectionViewCell.swift */; };
		3CD1CEC12249C24E00631602 /* LLFCollectionViewCell.xib in Resources */ = {isa = PBXBuildFile; fileRef = 3CD1CEBF2249C24E00631602 /* LLFCollectionViewCell.xib */; };
		3CD9E35D223A3AA300783FF8 /* YYYViewController.m in Sources */ = {isa = PBXBuildFile; fileRef = 3CD9E35C223A3AA300783FF8 /* YYYViewController.m */; };
		3CD9E35F223A3C9F00783FF8 /* AppSwifConfig.swift in Sources */ = {isa = PBXBuildFile; fileRef = 3CD9E35E223A3C9F00783FF8 /* AppSwifConfig.swift */; };
		3CDE1BAE224C694800CFDAA1 /* MBProgressHud+Category.swift in Sources */ = {isa = PBXBuildFile; fileRef = 3CDE1BAD224C694800CFDAA1 /* MBProgressHud+Category.swift */; };
		3CE5A10E224217AB00669E16 /* LLFgetPushModel.swift in Sources */ = {isa = PBXBuildFile; fileRef = 3CE5A10D224217AB00669E16 /* LLFgetPushModel.swift */; };
		3CE5A110224225B600669E16 /* LLFPostViewController.swift in Sources */ = {isa = PBXBuildFile; fileRef = 3CE5A10F224225B600669E16 /* LLFPostViewController.swift */; };
		3CE5A11222422B3C00669E16 /* ConnectManger.swift in Sources */ = {isa = PBXBuildFile; fileRef = 3CE5A11122422B3C00669E16 /* ConnectManger.swift */; };
		8DC0DFC9DB2CF141CC58459E /* Pods_LLFSwifDemo.framework in Frameworks */ = {isa = PBXBuildFile; fileRef = EF520A88D1E0C197AEE9E7E7 /* Pods_LLFSwifDemo.framework */; };
/* End PBXBuildFile section */

/* Begin PBXContainerItemProxy section */
		3CA051D42238E70400DA81FF /* PBXContainerItemProxy */ = {
			isa = PBXContainerItemProxy;
			containerPortal = 3CA051B72238E70200DA81FF /* Project object */;
			proxyType = 1;
			remoteGlobalIDString = 3CA051BE2238E70200DA81FF;
			remoteInfo = LLFSwifDemo;
		};
		3CA051DF2238E70400DA81FF /* PBXContainerItemProxy */ = {
			isa = PBXContainerItemProxy;
			containerPortal = 3CA051B72238E70200DA81FF /* Project object */;
			proxyType = 1;
			remoteGlobalIDString = 3CA051BE2238E70200DA81FF;
			remoteInfo = LLFSwifDemo;
		};
/* End PBXContainerItemProxy section */

/* Begin PBXFileReference section */
		3A32D3E3852BEEEB3B1263F0 /* Pods-LLFSwifDemo.release.xcconfig */ = {isa = PBXFileReference; includeInIndex = 1; lastKnownFileType = text.xcconfig; name = "Pods-LLFSwifDemo.release.xcconfig"; path = "Pods/Target Support Files/Pods-LLFSwifDemo/Pods-LLFSwifDemo.release.xcconfig"; sourceTree = "<group>"; };
		3C0DA6E1224487B9006C8D4E /* UIView+Extension.swift */ = {isa = PBXFileReference; fileEncoding = 4; lastKnownFileType = sourcecode.swift; path = "UIView+Extension.swift"; sourceTree = "<group>"; };
		3C0DA6E3224487E9006C8D4E /* NSObject+Extension.swift */ = {isa = PBXFileReference; fileEncoding = 4; lastKnownFileType = sourcecode.swift; path = "NSObject+Extension.swift"; sourceTree = "<group>"; };
		3C0DA6E5224487F1006C8D4E /* Date+Extension.swift */ = {isa = PBXFileReference; fileEncoding = 4; lastKnownFileType = sourcecode.swift; path = "Date+Extension.swift"; sourceTree = "<group>"; };
		3C0FF0A6223F2AFB0090466F /* LLFOneViewTableViewCell.swift */ = {isa = PBXFileReference; lastKnownFileType = sourcecode.swift; path = LLFOneViewTableViewCell.swift; sourceTree = "<group>"; };
		3C0FF0A7223F2AFB0090466F /* LLFOneViewTableViewCell.xib */ = {isa = PBXFileReference; lastKnownFileType = file.xib; path = LLFOneViewTableViewCell.xib; sourceTree = "<group>"; };
		3C60901B224375F100ECF7B9 /* LLFBaseViewController.h */ = {isa = PBXFileReference; lastKnownFileType = sourcecode.c.h; path = LLFBaseViewController.h; sourceTree = "<group>"; };
		3C60901C224375F100ECF7B9 /* LLFBaseViewController.m */ = {isa = PBXFileReference; lastKnownFileType = sourcecode.c.objc; path = LLFBaseViewController.m; sourceTree = "<group>"; };
		3C609021224376C400ECF7B9 /* LLFBaseNavigationeController.h */ = {isa = PBXFileReference; lastKnownFileType = sourcecode.c.h; path = LLFBaseNavigationeController.h; sourceTree = "<group>"; };
		3C609022224376C400ECF7B9 /* LLFBaseNavigationeController.m */ = {isa = PBXFileReference; lastKnownFileType = sourcecode.c.objc; path = LLFBaseNavigationeController.m; sourceTree = "<group>"; };
		3C6090242243770F00ECF7B9 /* LLFWKWebViewController.m */ = {isa = PBXFileReference; fileEncoding = 4; lastKnownFileType = sourcecode.c.objc; path = LLFWKWebViewController.m; sourceTree = "<group>"; };
		3C6090252243771000ECF7B9 /* NewFeatureViewController.h */ = {isa = PBXFileReference; fileEncoding = 4; lastKnownFileType = sourcecode.c.h; path = NewFeatureViewController.h; sourceTree = "<group>"; };
		3C6090262243771000ECF7B9 /* NewFeatureViewController.m */ = {isa = PBXFileReference; fileEncoding = 4; lastKnownFileType = sourcecode.c.objc; path = NewFeatureViewController.m; sourceTree = "<group>"; };
		3C6090272243771000ECF7B9 /* LLFWKWebViewController.h */ = {isa = PBXFileReference; fileEncoding = 4; lastKnownFileType = sourcecode.c.h; path = LLFWKWebViewController.h; sourceTree = "<group>"; };
		3C60902D2243781000ECF7B9 /* LLLBaseViewController.swift */ = {isa = PBXFileReference; lastKnownFileType = sourcecode.swift; path = LLLBaseViewController.swift; sourceTree = "<group>"; };
		3C60902F2243785D00ECF7B9 /* LLLBaseTabBarController.swift */ = {isa = PBXFileReference; lastKnownFileType = sourcecode.swift; path = LLLBaseTabBarController.swift; sourceTree = "<group>"; };
		3C6090312243789D00ECF7B9 /* LLLBaseNavigationViewController.swift */ = {isa = PBXFileReference; lastKnownFileType = sourcecode.swift; path = LLLBaseNavigationViewController.swift; sourceTree = "<group>"; };
		3C609033224378E200ECF7B9 /* LLLWKWebViewController.swift */ = {isa = PBXFileReference; lastKnownFileType = sourcecode.swift; path = LLLWKWebViewController.swift; sourceTree = "<group>"; };
		3C609036224379D400ECF7B9 /* UIWindow+Category.h */ = {isa = PBXFileReference; fileEncoding = 4; lastKnownFileType = sourcecode.c.h; path = "UIWindow+Category.h"; sourceTree = "<group>"; };
		3C609037224379D400ECF7B9 /* UIWindow+Category.m */ = {isa = PBXFileReference; fileEncoding = 4; lastKnownFileType = sourcecode.c.objc; path = "UIWindow+Category.m"; sourceTree = "<group>"; };
		3C60903922437ACD00ECF7B9 /* LLFBaseTabBarViewController.h */ = {isa = PBXFileReference; fileEncoding = 4; lastKnownFileType = sourcecode.c.h; path = LLFBaseTabBarViewController.h; sourceTree = "<group>"; };
		3C60903A22437ACD00ECF7B9 /* LLFBaseTabBarViewController.m */ = {isa = PBXFileReference; fileEncoding = 4; lastKnownFileType = sourcecode.c.objc; path = LLFBaseTabBarViewController.m; sourceTree = "<group>"; };
		3C74DB0F2241C9F20073C6EF /* LLFGetViewController.swift */ = {isa = PBXFileReference; lastKnownFileType = sourcecode.swift; path = LLFGetViewController.swift; sourceTree = "<group>"; };
		3C74DB112241E0C60073C6EF /* LLFgetPushHolidayModel.swift */ = {isa = PBXFileReference; lastKnownFileType = sourcecode.swift; path = LLFgetPushHolidayModel.swift; sourceTree = "<group>"; };
		3C86394122407EF1000FDF82 /* LLFBaseModel.swift */ = {isa = PBXFileReference; lastKnownFileType = sourcecode.swift; path = LLFBaseModel.swift; sourceTree = "<group>"; };
		3C86394322407F0D000FDF82 /* LLFListModel.swift */ = {isa = PBXFileReference; lastKnownFileType = sourcecode.swift; path = LLFListModel.swift; sourceTree = "<group>"; };
		3C86394522407F20000FDF82 /* LLFDictionaryModel.swift */ = {isa = PBXFileReference; lastKnownFileType = sourcecode.swift; path = LLFDictionaryModel.swift; sourceTree = "<group>"; };
		3C863947224082FD000FDF82 /* LLFOneViewModel.swift */ = {isa = PBXFileReference; lastKnownFileType = sourcecode.swift; path = LLFOneViewModel.swift; sourceTree = "<group>"; };
		3C8639492240921C000FDF82 /* BuildBaseInfoModel.swift */ = {isa = PBXFileReference; lastKnownFileType = sourcecode.swift; path = BuildBaseInfoModel.swift; sourceTree = "<group>"; };
		3CA051BF2238E70200DA81FF /* LLFSwifDemo.app */ = {isa = PBXFileReference; explicitFileType = wrapper.application; includeInIndex = 0; path = LLFSwifDemo.app; sourceTree = BUILT_PRODUCTS_DIR; };
		3CA051C22238E70200DA81FF /* AppDelegate.swift */ = {isa = PBXFileReference; lastKnownFileType = sourcecode.swift; path = AppDelegate.swift; sourceTree = "<group>"; };
		3CA051C92238E70400DA81FF /* Assets.xcassets */ = {isa = PBXFileReference; lastKnownFileType = folder.assetcatalog; path = Assets.xcassets; sourceTree = "<group>"; };
		3CA051CC2238E70400DA81FF /* Base */ = {isa = PBXFileReference; lastKnownFileType = file.storyboard; name = Base; path = Base.lproj/LaunchScreen.storyboard; sourceTree = "<group>"; };
		3CA051CE2238E70400DA81FF /* Info.plist */ = {isa = PBXFileReference; lastKnownFileType = text.plist.xml; path = Info.plist; sourceTree = "<group>"; };
		3CA051D32238E70400DA81FF /* LLFSwifDemoTests.xctest */ = {isa = PBXFileReference; explicitFileType = wrapper.cfbundle; includeInIndex = 0; path = LLFSwifDemoTests.xctest; sourceTree = BUILT_PRODUCTS_DIR; };
		3CA051D72238E70400DA81FF /* LLFSwifDemoTests.swift */ = {isa = PBXFileReference; lastKnownFileType = sourcecode.swift; path = LLFSwifDemoTests.swift; sourceTree = "<group>"; };
		3CA051D92238E70400DA81FF /* Info.plist */ = {isa = PBXFileReference; lastKnownFileType = text.plist.xml; path = Info.plist; sourceTree = "<group>"; };
		3CA051DE2238E70400DA81FF /* LLFSwifDemoUITests.xctest */ = {isa = PBXFileReference; explicitFileType = wrapper.cfbundle; includeInIndex = 0; path = LLFSwifDemoUITests.xctest; sourceTree = BUILT_PRODUCTS_DIR; };
		3CA051E22238E70400DA81FF /* LLFSwifDemoUITests.swift */ = {isa = PBXFileReference; lastKnownFileType = sourcecode.swift; path = LLFSwifDemoUITests.swift; sourceTree = "<group>"; };
		3CA051E42238E70400DA81FF /* Info.plist */ = {isa = PBXFileReference; lastKnownFileType = text.plist.xml; path = Info.plist; sourceTree = "<group>"; };
		3CA052172238F35700DA81FF /* LLFOneViewController.swift */ = {isa = PBXFileReference; lastKnownFileType = sourcecode.swift; path = LLFOneViewController.swift; sourceTree = "<group>"; };
		3CA052192238F36C00DA81FF /* LLFTwoViewController.swift */ = {isa = PBXFileReference; lastKnownFileType = sourcecode.swift; path = LLFTwoViewController.swift; sourceTree = "<group>"; };
		3CA0521B2238F37D00DA81FF /* LLFThreeViewController.swift */ = {isa = PBXFileReference; lastKnownFileType = sourcecode.swift; path = LLFThreeViewController.swift; sourceTree = "<group>"; };
		3CA0521D2238F38F00DA81FF /* LLFFourViewController.swift */ = {isa = PBXFileReference; lastKnownFileType = sourcecode.swift; path = LLFFourViewController.swift; sourceTree = "<group>"; };
		3CD1CEBE2249C24E00631602 /* LLFCollectionViewCell.swift */ = {isa = PBXFileReference; lastKnownFileType = sourcecode.swift; path = LLFCollectionViewCell.swift; sourceTree = "<group>"; };
		3CD1CEBF2249C24E00631602 /* LLFCollectionViewCell.xib */ = {isa = PBXFileReference; lastKnownFileType = file.xib; path = LLFCollectionViewCell.xib; sourceTree = "<group>"; };
		3CD9E355223A374600783FF8 /* PrefixHeader.pch */ = {isa = PBXFileReference; lastKnownFileType = sourcecode.c.h; path = PrefixHeader.pch; sourceTree = "<group>"; };
		3CD9E356223A382A00783FF8 /* AppOCConfig.h */ = {isa = PBXFileReference; fileEncoding = 4; lastKnownFileType = sourcecode.c.h; path = AppOCConfig.h; sourceTree = "<group>"; wrapsLines = 0; };
		3CD9E357223A38B800783FF8 /* LLFSwifDemo-Bridging-Header.h */ = {isa = PBXFileReference; lastKnownFileType = sourcecode.c.h; path = "LLFSwifDemo-Bridging-Header.h"; sourceTree = "<group>"; };
		3CD9E35B223A3AA300783FF8 /* YYYViewController.h */ = {isa = PBXFileReference; lastKnownFileType = sourcecode.c.h; path = YYYViewController.h; sourceTree = "<group>"; };
		3CD9E35C223A3AA300783FF8 /* YYYViewController.m */ = {isa = PBXFileReference; lastKnownFileType = sourcecode.c.objc; path = YYYViewController.m; sourceTree = "<group>"; };
		3CD9E35E223A3C9F00783FF8 /* AppSwifConfig.swift */ = {isa = PBXFileReference; lastKnownFileType = sourcecode.swift; path = AppSwifConfig.swift; sourceTree = "<group>"; };
		3CDE1BAD224C694800CFDAA1 /* MBProgressHud+Category.swift */ = {isa = PBXFileReference; lastKnownFileType = sourcecode.swift; path = "MBProgressHud+Category.swift"; sourceTree = "<group>"; };
		3CE5A10D224217AB00669E16 /* LLFgetPushModel.swift */ = {isa = PBXFileReference; lastKnownFileType = sourcecode.swift; path = LLFgetPushModel.swift; sourceTree = "<group>"; };
		3CE5A10F224225B600669E16 /* LLFPostViewController.swift */ = {isa = PBXFileReference; lastKnownFileType = sourcecode.swift; path = LLFPostViewController.swift; sourceTree = "<group>"; };
		3CE5A11122422B3C00669E16 /* ConnectManger.swift */ = {isa = PBXFileReference; lastKnownFileType = sourcecode.swift; path = ConnectManger.swift; sourceTree = "<group>"; };
		EF520A88D1E0C197AEE9E7E7 /* Pods_LLFSwifDemo.framework */ = {isa = PBXFileReference; explicitFileType = wrapper.framework; includeInIndex = 0; path = Pods_LLFSwifDemo.framework; sourceTree = BUILT_PRODUCTS_DIR; };
		F28C23B46C6BA0DA3D3F9DD9 /* Pods-LLFSwifDemo.debug.xcconfig */ = {isa = PBXFileReference; includeInIndex = 1; lastKnownFileType = text.xcconfig; name = "Pods-LLFSwifDemo.debug.xcconfig"; path = "Pods/Target Support Files/Pods-LLFSwifDemo/Pods-LLFSwifDemo.debug.xcconfig"; sourceTree = "<group>"; };
/* End PBXFileReference section */

/* Begin PBXFrameworksBuildPhase section */
		3CA051BC2238E70200DA81FF /* Frameworks */ = {
			isa = PBXFrameworksBuildPhase;
			buildActionMask = 2147483647;
			files = (
				8DC0DFC9DB2CF141CC58459E /* Pods_LLFSwifDemo.framework in Frameworks */,
			);
			runOnlyForDeploymentPostprocessing = 0;
		};
		3CA051D02238E70400DA81FF /* Frameworks */ = {
			isa = PBXFrameworksBuildPhase;
			buildActionMask = 2147483647;
			files = (
			);
			runOnlyForDeploymentPostprocessing = 0;
		};
		3CA051DB2238E70400DA81FF /* Frameworks */ = {
			isa = PBXFrameworksBuildPhase;
			buildActionMask = 2147483647;
			files = (
			);
			runOnlyForDeploymentPostprocessing = 0;
		};
/* End PBXFrameworksBuildPhase section */

/* Begin PBXGroup section */
		3C609035224379CB00ECF7B9 /* Category */ = {
			isa = PBXGroup;
			children = (
				3C609036224379D400ECF7B9 /* UIWindow+Category.h */,
				3C609037224379D400ECF7B9 /* UIWindow+Category.m */,
				3C0DA6E1224487B9006C8D4E /* UIView+Extension.swift */,
				3C0DA6E3224487E9006C8D4E /* NSObject+Extension.swift */,
				3C0DA6E5224487F1006C8D4E /* Date+Extension.swift */,
				3CDE1BAD224C694800CFDAA1 /* MBProgressHud+Category.swift */,
			);
			path = Category;
			sourceTree = "<group>";
		};
		3CA051B62238E70200DA81FF = {
			isa = PBXGroup;
			children = (
				3CA051C12238E70200DA81FF /* LLFSwifDemo */,
				3CA051D62238E70400DA81FF /* LLFSwifDemoTests */,
				3CA051E12238E70400DA81FF /* LLFSwifDemoUITests */,
				3CA051C02238E70200DA81FF /* Products */,
				50CD40AF51701E68C7D3DFAE /* Pods */,
				AE9CF00A493AB6B96782C4C5 /* Frameworks */,
			);
			sourceTree = "<group>";
		};
		3CA051C02238E70200DA81FF /* Products */ = {
			isa = PBXGroup;
			children = (
				3CA051BF2238E70200DA81FF /* LLFSwifDemo.app */,
				3CA051D32238E70400DA81FF /* LLFSwifDemoTests.xctest */,
				3CA051DE2238E70400DA81FF /* LLFSwifDemoUITests.xctest */,
			);
			name = Products;
			sourceTree = "<group>";
		};
		3CA051C12238E70200DA81FF /* LLFSwifDemo */ = {
			isa = PBXGroup;
			children = (
				3CA051F02238E74500DA81FF /* Classes */,
				3CA051F22238E76500DA81FF /* Mangera */,
				3CA051F12238E75800DA81FF /* Common */,
				3CA051C22238E70200DA81FF /* AppDelegate.swift */,
				3CD9E357223A38B800783FF8 /* LLFSwifDemo-Bridging-Header.h */,
				3CD9E355223A374600783FF8 /* PrefixHeader.pch */,
				3CD9E356223A382A00783FF8 /* AppOCConfig.h */,
				3CD9E35E223A3C9F00783FF8 /* AppSwifConfig.swift */,
				3CA051C92238E70400DA81FF /* Assets.xcassets */,
				3CA051CB2238E70400DA81FF /* LaunchScreen.storyboard */,
				3CA051CE2238E70400DA81FF /* Info.plist */,
			);
			path = LLFSwifDemo;
			sourceTree = "<group>";
		};
		3CA051D62238E70400DA81FF /* LLFSwifDemoTests */ = {
			isa = PBXGroup;
			children = (
				3CA051D72238E70400DA81FF /* LLFSwifDemoTests.swift */,
				3CA051D92238E70400DA81FF /* Info.plist */,
			);
			path = LLFSwifDemoTests;
			sourceTree = "<group>";
		};
		3CA051E12238E70400DA81FF /* LLFSwifDemoUITests */ = {
			isa = PBXGroup;
			children = (
				3CA051E22238E70400DA81FF /* LLFSwifDemoUITests.swift */,
				3CA051E42238E70400DA81FF /* Info.plist */,
			);
			path = LLFSwifDemoUITests;
			sourceTree = "<group>";
		};
		3CA051F02238E74500DA81FF /* Classes */ = {
			isa = PBXGroup;
			children = (
				3CA051F32238E78C00DA81FF /* BaseClass */,
				3CA051F72238E7BC00DA81FF /* FourClass */,
				3CA051F62238E7B100DA81FF /* ThreeClass */,
				3CA051F52238E7A800DA81FF /* TwoClass */,
				3CA051F42238E79800DA81FF /* OneClass */,
			);
			path = Classes;
			sourceTree = "<group>";
		};
		3CA051F12238E75800DA81FF /* Common */ = {
			isa = PBXGroup;
			children = (
				3C609035224379CB00ECF7B9 /* Category */,
			);
			path = Common;
			sourceTree = "<group>";
		};
		3CA051F22238E76500DA81FF /* Mangera */ = {
			isa = PBXGroup;
			children = (
				3CE5A11122422B3C00669E16 /* ConnectManger.swift */,
			);
			path = Mangera;
			sourceTree = "<group>";
		};
		3CA051F32238E78C00DA81FF /* BaseClass */ = {
			isa = PBXGroup;
			children = (
				3CC446B82243402700F8FCD2 /* OCBaseViewController */,
				3CA052062238E89A00DA81FF /* SwiftBaseViewController */,
				3CA052052238E88F00DA81FF /* Model */,
				3CA052042238E88800DA81FF /* View */,
			);
			path = BaseClass;
			sourceTree = "<group>";
		};
		3CA051F42238E79800DA81FF /* OneClass */ = {
			isa = PBXGroup;
			children = (
				3CA051F82238E7DF00DA81FF /* ViewController */,
				3CA051F92238E7F200DA81FF /* Model */,
				3CA051FA2238E7FC00DA81FF /* View */,
			);
			path = OneClass;
			sourceTree = "<group>";
		};
		3CA051F52238E7A800DA81FF /* TwoClass */ = {
			isa = PBXGroup;
			children = (
				3CA051FD2238E82B00DA81FF /* ViewController */,
				3CA051FC2238E82200DA81FF /* Model */,
				3CA051FB2238E81C00DA81FF /* View */,
			);
			path = TwoClass;
			sourceTree = "<group>";
		};
		3CA051F62238E7B100DA81FF /* ThreeClass */ = {
			isa = PBXGroup;
			children = (
				3CA052002238E84A00DA81FF /* ViewController */,
				3CA051FF2238E84400DA81FF /* Model */,
				3CA051FE2238E83D00DA81FF /* View */,
			);
			path = ThreeClass;
			sourceTree = "<group>";
		};
		3CA051F72238E7BC00DA81FF /* FourClass */ = {
			isa = PBXGroup;
			children = (
				3CA052032238E87200DA81FF /* ViewController */,
				3CA052022238E86800DA81FF /* Model */,
				3CA052012238E85800DA81FF /* View */,
			);
			path = FourClass;
			sourceTree = "<group>";
		};
		3CA051F82238E7DF00DA81FF /* ViewController */ = {
			isa = PBXGroup;
			children = (
				3CA052172238F35700DA81FF /* LLFOneViewController.swift */,
				3C74DB0F2241C9F20073C6EF /* LLFGetViewController.swift */,
				3CE5A10F224225B600669E16 /* LLFPostViewController.swift */,
			);
			path = ViewController;
			sourceTree = "<group>";
		};
		3CA051F92238E7F200DA81FF /* Model */ = {
			isa = PBXGroup;
			children = (
				3C863947224082FD000FDF82 /* LLFOneViewModel.swift */,
				3C8639492240921C000FDF82 /* BuildBaseInfoModel.swift */,
				3C74DB112241E0C60073C6EF /* LLFgetPushHolidayModel.swift */,
				3CE5A10D224217AB00669E16 /* LLFgetPushModel.swift */,
			);
			path = Model;
			sourceTree = "<group>";
		};
		3CA051FA2238E7FC00DA81FF /* View */ = {
			isa = PBXGroup;
			children = (
				3C0FF0A6223F2AFB0090466F /* LLFOneViewTableViewCell.swift */,
				3C0FF0A7223F2AFB0090466F /* LLFOneViewTableViewCell.xib */,
			);
			path = View;
			sourceTree = "<group>";
		};
		3CA051FB2238E81C00DA81FF /* View */ = {
			isa = PBXGroup;
			children = (
				3CD1CEBE2249C24E00631602 /* LLFCollectionViewCell.swift */,
				3CD1CEBF2249C24E00631602 /* LLFCollectionViewCell.xib */,
			);
			path = View;
			sourceTree = "<group>";
		};
		3CA051FC2238E82200DA81FF /* Model */ = {
			isa = PBXGroup;
			children = (
			);
			path = Model;
			sourceTree = "<group>";
		};
		3CA051FD2238E82B00DA81FF /* ViewController */ = {
			isa = PBXGroup;
			children = (
				3CA052192238F36C00DA81FF /* LLFTwoViewController.swift */,
			);
			path = ViewController;
			sourceTree = "<group>";
		};
		3CA051FE2238E83D00DA81FF /* View */ = {
			isa = PBXGroup;
			children = (
			);
			path = View;
			sourceTree = "<group>";
		};
		3CA051FF2238E84400DA81FF /* Model */ = {
			isa = PBXGroup;
			children = (
			);
			path = Model;
			sourceTree = "<group>";
		};
		3CA052002238E84A00DA81FF /* ViewController */ = {
			isa = PBXGroup;
			children = (
				3CA0521B2238F37D00DA81FF /* LLFThreeViewController.swift */,
			);
			path = ViewController;
			sourceTree = "<group>";
		};
		3CA052012238E85800DA81FF /* View */ = {
			isa = PBXGroup;
			children = (
			);
			path = View;
			sourceTree = "<group>";
		};
		3CA052022238E86800DA81FF /* Model */ = {
			isa = PBXGroup;
			children = (
			);
			path = Model;
			sourceTree = "<group>";
		};
		3CA052032238E87200DA81FF /* ViewController */ = {
			isa = PBXGroup;
			children = (
				3CA0521D2238F38F00DA81FF /* LLFFourViewController.swift */,
				3CD9E35B223A3AA300783FF8 /* YYYViewController.h */,
				3CD9E35C223A3AA300783FF8 /* YYYViewController.m */,
			);
			path = ViewController;
			sourceTree = "<group>";
		};
		3CA052042238E88800DA81FF /* View */ = {
			isa = PBXGroup;
			children = (
			);
			path = View;
			sourceTree = "<group>";
		};
		3CA052052238E88F00DA81FF /* Model */ = {
			isa = PBXGroup;
			children = (
				3C86394122407EF1000FDF82 /* LLFBaseModel.swift */,
				3C86394322407F0D000FDF82 /* LLFListModel.swift */,
				3C86394522407F20000FDF82 /* LLFDictionaryModel.swift */,
			);
			path = Model;
			sourceTree = "<group>";
		};
		3CA052062238E89A00DA81FF /* SwiftBaseViewController */ = {
			isa = PBXGroup;
			children = (
				3C60902D2243781000ECF7B9 /* LLLBaseViewController.swift */,
				3C60902F2243785D00ECF7B9 /* LLLBaseTabBarController.swift */,
				3C6090312243789D00ECF7B9 /* LLLBaseNavigationViewController.swift */,
				3C609033224378E200ECF7B9 /* LLLWKWebViewController.swift */,
			);
			path = SwiftBaseViewController;
			sourceTree = "<group>";
		};
		3CC446B82243402700F8FCD2 /* OCBaseViewController */ = {
			isa = PBXGroup;
			children = (
				3C60901B224375F100ECF7B9 /* LLFBaseViewController.h */,
				3C60901C224375F100ECF7B9 /* LLFBaseViewController.m */,
				3C60903922437ACD00ECF7B9 /* LLFBaseTabBarViewController.h */,
				3C60903A22437ACD00ECF7B9 /* LLFBaseTabBarViewController.m */,
				3C609021224376C400ECF7B9 /* LLFBaseNavigationeController.h */,
				3C609022224376C400ECF7B9 /* LLFBaseNavigationeController.m */,
				3C6090272243771000ECF7B9 /* LLFWKWebViewController.h */,
				3C6090242243770F00ECF7B9 /* LLFWKWebViewController.m */,
				3C6090252243771000ECF7B9 /* NewFeatureViewController.h */,
				3C6090262243771000ECF7B9 /* NewFeatureViewController.m */,
			);
			path = OCBaseViewController;
			sourceTree = "<group>";
		};
		50CD40AF51701E68C7D3DFAE /* Pods */ = {
			isa = PBXGroup;
			children = (
				F28C23B46C6BA0DA3D3F9DD9 /* Pods-LLFSwifDemo.debug.xcconfig */,
				3A32D3E3852BEEEB3B1263F0 /* Pods-LLFSwifDemo.release.xcconfig */,
			);
			name = Pods;
			sourceTree = "<group>";
		};
		AE9CF00A493AB6B96782C4C5 /* Frameworks */ = {
			isa = PBXGroup;
			children = (
				EF520A88D1E0C197AEE9E7E7 /* Pods_LLFSwifDemo.framework */,
			);
			name = Frameworks;
			sourceTree = "<group>";
		};
/* End PBXGroup section */

/* Begin PBXNativeTarget section */
		3CA051BE2238E70200DA81FF /* LLFSwifDemo */ = {
			isa = PBXNativeTarget;
			buildConfigurationList = 3CA051E72238E70400DA81FF /* Build configuration list for PBXNativeTarget "LLFSwifDemo" */;
			buildPhases = (
				584724979B34AA4040211494 /* [CP] Check Pods Manifest.lock */,
				3CA051BB2238E70200DA81FF /* Sources */,
				3CA051BC2238E70200DA81FF /* Frameworks */,
				3CA051BD2238E70200DA81FF /* Resources */,
				971D4BD7C1A768743F6E2633 /* [CP] Embed Pods Frameworks */,
				293EF17787C9EF28589FC7AB /* [CP] Copy Pods Resources */,
			);
			buildRules = (
			);
			dependencies = (
			);
			name = LLFSwifDemo;
			productName = LLFSwifDemo;
			productReference = 3CA051BF2238E70200DA81FF /* LLFSwifDemo.app */;
			productType = "com.apple.product-type.application";
		};
		3CA051D22238E70400DA81FF /* LLFSwifDemoTests */ = {
			isa = PBXNativeTarget;
			buildConfigurationList = 3CA051EA2238E70400DA81FF /* Build configuration list for PBXNativeTarget "LLFSwifDemoTests" */;
			buildPhases = (
				3CA051CF2238E70400DA81FF /* Sources */,
				3CA051D02238E70400DA81FF /* Frameworks */,
				3CA051D12238E70400DA81FF /* Resources */,
			);
			buildRules = (
			);
			dependencies = (
				3CA051D52238E70400DA81FF /* PBXTargetDependency */,
			);
			name = LLFSwifDemoTests;
			productName = LLFSwifDemoTests;
			productReference = 3CA051D32238E70400DA81FF /* LLFSwifDemoTests.xctest */;
			productType = "com.apple.product-type.bundle.unit-test";
		};
		3CA051DD2238E70400DA81FF /* LLFSwifDemoUITests */ = {
			isa = PBXNativeTarget;
			buildConfigurationList = 3CA051ED2238E70400DA81FF /* Build configuration list for PBXNativeTarget "LLFSwifDemoUITests" */;
			buildPhases = (
				3CA051DA2238E70400DA81FF /* Sources */,
				3CA051DB2238E70400DA81FF /* Frameworks */,
				3CA051DC2238E70400DA81FF /* Resources */,
			);
			buildRules = (
			);
			dependencies = (
				3CA051E02238E70400DA81FF /* PBXTargetDependency */,
			);
			name = LLFSwifDemoUITests;
			productName = LLFSwifDemoUITests;
			productReference = 3CA051DE2238E70400DA81FF /* LLFSwifDemoUITests.xctest */;
			productType = "com.apple.product-type.bundle.ui-testing";
		};
/* End PBXNativeTarget section */

/* Begin PBXProject section */
		3CA051B72238E70200DA81FF /* Project object */ = {
			isa = PBXProject;
			attributes = {
				LastSwiftUpdateCheck = 1010;
				LastUpgradeCheck = 1010;
				ORGANIZATIONNAME = "刘龙飞";
				TargetAttributes = {
					3CA051BE2238E70200DA81FF = {
						CreatedOnToolsVersion = 10.1;
						LastSwiftMigration = 1010;
					};
					3CA051D22238E70400DA81FF = {
						CreatedOnToolsVersion = 10.1;
						TestTargetID = 3CA051BE2238E70200DA81FF;
					};
					3CA051DD2238E70400DA81FF = {
						CreatedOnToolsVersion = 10.1;
						TestTargetID = 3CA051BE2238E70200DA81FF;
					};
				};
			};
			buildConfigurationList = 3CA051BA2238E70200DA81FF /* Build configuration list for PBXProject "LLFSwifDemo" */;
			compatibilityVersion = "Xcode 9.3";
			developmentRegion = en;
			hasScannedForEncodings = 0;
			knownRegions = (
				en,
				Base,
			);
			mainGroup = 3CA051B62238E70200DA81FF;
			productRefGroup = 3CA051C02238E70200DA81FF /* Products */;
			projectDirPath = "";
			projectRoot = "";
			targets = (
				3CA051BE2238E70200DA81FF /* LLFSwifDemo */,
				3CA051D22238E70400DA81FF /* LLFSwifDemoTests */,
				3CA051DD2238E70400DA81FF /* LLFSwifDemoUITests */,
			);
		};
/* End PBXProject section */

/* Begin PBXResourcesBuildPhase section */
		3CA051BD2238E70200DA81FF /* Resources */ = {
			isa = PBXResourcesBuildPhase;
			buildActionMask = 2147483647;
			files = (
				3CA051CD2238E70400DA81FF /* LaunchScreen.storyboard in Resources */,
				3C0FF0A9223F2AFB0090466F /* LLFOneViewTableViewCell.xib in Resources */,
				3CD1CEC12249C24E00631602 /* LLFCollectionViewCell.xib in Resources */,
				3CA051CA2238E70400DA81FF /* Assets.xcassets in Resources */,
			);
			runOnlyForDeploymentPostprocessing = 0;
		};
		3CA051D12238E70400DA81FF /* Resources */ = {
			isa = PBXResourcesBuildPhase;
			buildActionMask = 2147483647;
			files = (
			);
			runOnlyForDeploymentPostprocessing = 0;
		};
		3CA051DC2238E70400DA81FF /* Resources */ = {
			isa = PBXResourcesBuildPhase;
			buildActionMask = 2147483647;
			files = (
			);
			runOnlyForDeploymentPostprocessing = 0;
		};
/* End PBXResourcesBuildPhase section */

/* Begin PBXShellScriptBuildPhase section */
		293EF17787C9EF28589FC7AB /* [CP] Copy Pods Resources */ = {
			isa = PBXShellScriptBuildPhase;
			buildActionMask = 2147483647;
			files = (
			);
			inputPaths = (
				"${PODS_ROOT}/Target Support Files/Pods-LLFSwifDemo/Pods-LLFSwifDemo-resources.sh",
				"${PODS_ROOT}/AlipaySDK-iOS/AlipaySDK.bundle",
			);
			name = "[CP] Copy Pods Resources";
			outputPaths = (
				"${TARGET_BUILD_DIR}/${UNLOCALIZED_RESOURCES_FOLDER_PATH}/AlipaySDK.bundle",
			);
			runOnlyForDeploymentPostprocessing = 0;
			shellPath = /bin/sh;
			shellScript = "\"${PODS_ROOT}/Target Support Files/Pods-LLFSwifDemo/Pods-LLFSwifDemo-resources.sh\"\n";
			showEnvVarsInLog = 0;
		};
		584724979B34AA4040211494 /* [CP] Check Pods Manifest.lock */ = {
			isa = PBXShellScriptBuildPhase;
			buildActionMask = 2147483647;
			files = (
			);
			inputPaths = (
				"${PODS_PODFILE_DIR_PATH}/Podfile.lock",
				"${PODS_ROOT}/Manifest.lock",
			);
			name = "[CP] Check Pods Manifest.lock";
			outputPaths = (
				"$(DERIVED_FILE_DIR)/Pods-LLFSwifDemo-checkManifestLockResult.txt",
			);
			runOnlyForDeploymentPostprocessing = 0;
			shellPath = /bin/sh;
			shellScript = "diff \"${PODS_PODFILE_DIR_PATH}/Podfile.lock\" \"${PODS_ROOT}/Manifest.lock\" > /dev/null\nif [ $? != 0 ] ; then\n    # print error to STDERR\n    echo \"error: The sandbox is not in sync with the Podfile.lock. Run 'pod install' or update your CocoaPods installation.\" >&2\n    exit 1\nfi\n# This output is used by Xcode 'outputs' to avoid re-running this script phase.\necho \"SUCCESS\" > \"${SCRIPT_OUTPUT_FILE_0}\"\n";
			showEnvVarsInLog = 0;
		};
		971D4BD7C1A768743F6E2633 /* [CP] Embed Pods Frameworks */ = {
			isa = PBXShellScriptBuildPhase;
			buildActionMask = 2147483647;
			files = (
			);
			inputPaths = (
				"${PODS_ROOT}/Target Support Files/Pods-LLFSwifDemo/Pods-LLFSwifDemo-frameworks.sh",
				"${BUILT_PRODUCTS_DIR}/Alamofire/Alamofire.framework",
				"${BUILT_PRODUCTS_DIR}/IQKeyboardManagerSwift/IQKeyboardManagerSwift.framework",
				"${BUILT_PRODUCTS_DIR}/MBProgressHUD/MBProgressHUD.framework",
				"${BUILT_PRODUCTS_DIR}/MJRefresh/MJRefresh.framework",
				"${BUILT_PRODUCTS_DIR}/SDCycleScrollView/SDCycleScrollView.framework",
				"${BUILT_PRODUCTS_DIR}/SDWebImage/SDWebImage.framework",
				"${BUILT_PRODUCTS_DIR}/Starscream/Starscream.framework",
				"${BUILT_PRODUCTS_DIR}/SwiftyJSON/SwiftyJSON.framework",
			);
			name = "[CP] Embed Pods Frameworks";
			outputPaths = (
				"${TARGET_BUILD_DIR}/${FRAMEWORKS_FOLDER_PATH}/Alamofire.framework",
				"${TARGET_BUILD_DIR}/${FRAMEWORKS_FOLDER_PATH}/IQKeyboardManagerSwift.framework",
				"${TARGET_BUILD_DIR}/${FRAMEWORKS_FOLDER_PATH}/MBProgressHUD.framework",
				"${TARGET_BUILD_DIR}/${FRAMEWORKS_FOLDER_PATH}/MJRefresh.framework",
				"${TARGET_BUILD_DIR}/${FRAMEWORKS_FOLDER_PATH}/SDCycleScrollView.framework",
				"${TARGET_BUILD_DIR}/${FRAMEWORKS_FOLDER_PATH}/SDWebImage.framework",
				"${TARGET_BUILD_DIR}/${FRAMEWORKS_FOLDER_PATH}/Starscream.framework",
				"${TARGET_BUILD_DIR}/${FRAMEWORKS_FOLDER_PATH}/SwiftyJSON.framework",
			);
			runOnlyForDeploymentPostprocessing = 0;
			shellPath = /bin/sh;
			shellScript = "\"${PODS_ROOT}/Target Support Files/Pods-LLFSwifDemo/Pods-LLFSwifDemo-frameworks.sh\"\n";
			showEnvVarsInLog = 0;
		};
/* End PBXShellScriptBuildPhase section */

/* Begin PBXSourcesBuildPhase section */
		3CA051BB2238E70200DA81FF /* Sources */ = {
			isa = PBXSourcesBuildPhase;
			buildActionMask = 2147483647;
			files = (
				3C609023224376C400ECF7B9 /* LLFBaseNavigationeController.m in Sources */,
				3C6090292243771000ECF7B9 /* NewFeatureViewController.m in Sources */,
				3CD9E35D223A3AA300783FF8 /* YYYViewController.m in Sources */,
				3C6090322243789D00ECF7B9 /* LLLBaseNavigationViewController.swift in Sources */,
				3CA051C32238E70200DA81FF /* AppDelegate.swift in Sources */,
				3C6090282243771000ECF7B9 /* LLFWKWebViewController.m in Sources */,
				3C863948224082FD000FDF82 /* LLFOneViewModel.swift in Sources */,
				3CE5A10E224217AB00669E16 /* LLFgetPushModel.swift in Sources */,
				3C609034224378E200ECF7B9 /* LLLWKWebViewController.swift in Sources */,
				3C609038224379D400ECF7B9 /* UIWindow+Category.m in Sources */,
				3C74DB102241C9F20073C6EF /* LLFGetViewController.swift in Sources */,
				3CA0521E2238F38F00DA81FF /* LLFFourViewController.swift in Sources */,
				3C60903B22437ACE00ECF7B9 /* LLFBaseTabBarViewController.m in Sources */,
				3CA052182238F35700DA81FF /* LLFOneViewController.swift in Sources */,
				3C86394A2240921C000FDF82 /* BuildBaseInfoModel.swift in Sources */,
				3C60901D224375F100ECF7B9 /* LLFBaseViewController.m in Sources */,
				3CD9E35F223A3C9F00783FF8 /* AppSwifConfig.swift in Sources */,
				3C86394422407F0D000FDF82 /* LLFListModel.swift in Sources */,
				3C0DA6E2224487B9006C8D4E /* UIView+Extension.swift in Sources */,
				3C86394622407F20000FDF82 /* LLFDictionaryModel.swift in Sources */,
				3C74DB122241E0C60073C6EF /* LLFgetPushHolidayModel.swift in Sources */,
				3C0DA6E6224487F1006C8D4E /* Date+Extension.swift in Sources */,
				3CDE1BAE224C694800CFDAA1 /* MBProgressHud+Category.swift in Sources */,
				3C86394222407EF1000FDF82 /* LLFBaseModel.swift in Sources */,
				3C6090302243785D00ECF7B9 /* LLLBaseTabBarController.swift in Sources */,
				3C0FF0A8223F2AFB0090466F /* LLFOneViewTableViewCell.swift in Sources */,
				3CA0521A2238F36C00DA81FF /* LLFTwoViewController.swift in Sources */,
				3C60902E2243781000ECF7B9 /* LLLBaseViewController.swift in Sources */,
				3CD1CEC02249C24E00631602 /* LLFCollectionViewCell.swift in Sources */,
				3C0DA6E4224487E9006C8D4E /* NSObject+Extension.swift in Sources */,
				3CE5A11222422B3C00669E16 /* ConnectManger.swift in Sources */,
				3CE5A110224225B600669E16 /* LLFPostViewController.swift in Sources */,
				3CA0521C2238F37D00DA81FF /* LLFThreeViewController.swift in Sources */,
			);
			runOnlyForDeploymentPostprocessing = 0;
		};
		3CA051CF2238E70400DA81FF /* Sources */ = {
			isa = PBXSourcesBuildPhase;
			buildActionMask = 2147483647;
			files = (
				3CA051D82238E70400DA81FF /* LLFSwifDemoTests.swift in Sources */,
			);
			runOnlyForDeploymentPostprocessing = 0;
		};
		3CA051DA2238E70400DA81FF /* Sources */ = {
			isa = PBXSourcesBuildPhase;
			buildActionMask = 2147483647;
			files = (
				3CA051E32238E70400DA81FF /* LLFSwifDemoUITests.swift in Sources */,
			);
			runOnlyForDeploymentPostprocessing = 0;
		};
/* End PBXSourcesBuildPhase section */

/* Begin PBXTargetDependency section */
		3CA051D52238E70400DA81FF /* PBXTargetDependency */ = {
			isa = PBXTargetDependency;
			target = 3CA051BE2238E70200DA81FF /* LLFSwifDemo */;
			targetProxy = 3CA051D42238E70400DA81FF /* PBXContainerItemProxy */;
		};
		3CA051E02238E70400DA81FF /* PBXTargetDependency */ = {
			isa = PBXTargetDependency;
			target = 3CA051BE2238E70200DA81FF /* LLFSwifDemo */;
			targetProxy = 3CA051DF2238E70400DA81FF /* PBXContainerItemProxy */;
		};
/* End PBXTargetDependency section */

/* Begin PBXVariantGroup section */
		3CA051CB2238E70400DA81FF /* LaunchScreen.storyboard */ = {
			isa = PBXVariantGroup;
			children = (
				3CA051CC2238E70400DA81FF /* Base */,
			);
			name = LaunchScreen.storyboard;
			sourceTree = "<group>";
		};
/* End PBXVariantGroup section */

/* Begin XCBuildConfiguration section */
		3CA051E52238E70400DA81FF /* Debug */ = {
			isa = XCBuildConfiguration;
			buildSettings = {
				ALWAYS_SEARCH_USER_PATHS = NO;
				CLANG_ANALYZER_NONNULL = YES;
				CLANG_ANALYZER_NUMBER_OBJECT_CONVERSION = YES_AGGRESSIVE;
				CLANG_CXX_LANGUAGE_STANDARD = "gnu++14";
				CLANG_CXX_LIBRARY = "libc++";
				CLANG_ENABLE_MODULES = YES;
				CLANG_ENABLE_OBJC_ARC = YES;
				CLANG_ENABLE_OBJC_WEAK = YES;
				CLANG_WARN_BLOCK_CAPTURE_AUTORELEASING = YES;
				CLANG_WARN_BOOL_CONVERSION = YES;
				CLANG_WARN_COMMA = YES;
				CLANG_WARN_CONSTANT_CONVERSION = YES;
				CLANG_WARN_DEPRECATED_OBJC_IMPLEMENTATIONS = YES;
				CLANG_WARN_DIRECT_OBJC_ISA_USAGE = YES_ERROR;
				CLANG_WARN_DOCUMENTATION_COMMENTS = YES;
				CLANG_WARN_EMPTY_BODY = YES;
				CLANG_WARN_ENUM_CONVERSION = YES;
				CLANG_WARN_INFINITE_RECURSION = YES;
				CLANG_WARN_INT_CONVERSION = YES;
				CLANG_WARN_NON_LITERAL_NULL_CONVERSION = YES;
				CLANG_WARN_OBJC_IMPLICIT_RETAIN_SELF = YES;
				CLANG_WARN_OBJC_LITERAL_CONVERSION = YES;
				CLANG_WARN_OBJC_ROOT_CLASS = YES_ERROR;
				CLANG_WARN_RANGE_LOOP_ANALYSIS = YES;
				CLANG_WARN_STRICT_PROTOTYPES = YES;
				CLANG_WARN_SUSPICIOUS_MOVE = YES;
				CLANG_WARN_UNGUARDED_AVAILABILITY = YES_AGGRESSIVE;
				CLANG_WARN_UNREACHABLE_CODE = YES;
				CLANG_WARN__DUPLICATE_METHOD_MATCH = YES;
				CODE_SIGN_IDENTITY = "iPhone Developer";
				COPY_PHASE_STRIP = NO;
				DEBUG_INFORMATION_FORMAT = dwarf;
				ENABLE_STRICT_OBJC_MSGSEND = YES;
				ENABLE_TESTABILITY = YES;
				GCC_C_LANGUAGE_STANDARD = gnu11;
				GCC_DYNAMIC_NO_PIC = NO;
				GCC_NO_COMMON_BLOCKS = YES;
				GCC_OPTIMIZATION_LEVEL = 0;
				GCC_PREPROCESSOR_DEFINITIONS = (
					"DEBUG=1",
					"$(inherited)",
				);
				GCC_WARN_64_TO_32_BIT_CONVERSION = YES;
				GCC_WARN_ABOUT_RETURN_TYPE = YES_ERROR;
				GCC_WARN_UNDECLARED_SELECTOR = YES;
				GCC_WARN_UNINITIALIZED_AUTOS = YES_AGGRESSIVE;
				GCC_WARN_UNUSED_FUNCTION = YES;
				GCC_WARN_UNUSED_VARIABLE = YES;
				IPHONEOS_DEPLOYMENT_TARGET = 12.1;
				MTL_ENABLE_DEBUG_INFO = INCLUDE_SOURCE;
				MTL_FAST_MATH = YES;
				ONLY_ACTIVE_ARCH = YES;
				SDKROOT = iphoneos;
				SWIFT_ACTIVE_COMPILATION_CONDITIONS = DEBUG;
				SWIFT_OPTIMIZATION_LEVEL = "-Onone";
			};
			name = Debug;
		};
		3CA051E62238E70400DA81FF /* Release */ = {
			isa = XCBuildConfiguration;
			buildSettings = {
				ALWAYS_SEARCH_USER_PATHS = NO;
				CLANG_ANALYZER_NONNULL = YES;
				CLANG_ANALYZER_NUMBER_OBJECT_CONVERSION = YES_AGGRESSIVE;
				CLANG_CXX_LANGUAGE_STANDARD = "gnu++14";
				CLANG_CXX_LIBRARY = "libc++";
				CLANG_ENABLE_MODULES = YES;
				CLANG_ENABLE_OBJC_ARC = YES;
				CLANG_ENABLE_OBJC_WEAK = YES;
				CLANG_WARN_BLOCK_CAPTURE_AUTORELEASING = YES;
				CLANG_WARN_BOOL_CONVERSION = YES;
				CLANG_WARN_COMMA = YES;
				CLANG_WARN_CONSTANT_CONVERSION = YES;
				CLANG_WARN_DEPRECATED_OBJC_IMPLEMENTATIONS = YES;
				CLANG_WARN_DIRECT_OBJC_ISA_USAGE = YES_ERROR;
				CLANG_WARN_DOCUMENTATION_COMMENTS = YES;
				CLANG_WARN_EMPTY_BODY = YES;
				CLANG_WARN_ENUM_CONVERSION = YES;
				CLANG_WARN_INFINITE_RECURSION = YES;
				CLANG_WARN_INT_CONVERSION = YES;
				CLANG_WARN_NON_LITERAL_NULL_CONVERSION = YES;
				CLANG_WARN_OBJC_IMPLICIT_RETAIN_SELF = YES;
				CLANG_WARN_OBJC_LITERAL_CONVERSION = YES;
				CLANG_WARN_OBJC_ROOT_CLASS = YES_ERROR;
				CLANG_WARN_RANGE_LOOP_ANALYSIS = YES;
				CLANG_WARN_STRICT_PROTOTYPES = YES;
				CLANG_WARN_SUSPICIOUS_MOVE = YES;
				CLANG_WARN_UNGUARDED_AVAILABILITY = YES_AGGRESSIVE;
				CLANG_WARN_UNREACHABLE_CODE = YES;
				CLANG_WARN__DUPLICATE_METHOD_MATCH = YES;
				CODE_SIGN_IDENTITY = "iPhone Developer";
				COPY_PHASE_STRIP = NO;
				DEBUG_INFORMATION_FORMAT = "dwarf-with-dsym";
				ENABLE_NS_ASSERTIONS = NO;
				ENABLE_STRICT_OBJC_MSGSEND = YES;
				GCC_C_LANGUAGE_STANDARD = gnu11;
				GCC_NO_COMMON_BLOCKS = YES;
				GCC_WARN_64_TO_32_BIT_CONVERSION = YES;
				GCC_WARN_ABOUT_RETURN_TYPE = YES_ERROR;
				GCC_WARN_UNDECLARED_SELECTOR = YES;
				GCC_WARN_UNINITIALIZED_AUTOS = YES_AGGRESSIVE;
				GCC_WARN_UNUSED_FUNCTION = YES;
				GCC_WARN_UNUSED_VARIABLE = YES;
				IPHONEOS_DEPLOYMENT_TARGET = 12.1;
				MTL_ENABLE_DEBUG_INFO = NO;
				MTL_FAST_MATH = YES;
				SDKROOT = iphoneos;
				SWIFT_COMPILATION_MODE = wholemodule;
				SWIFT_OPTIMIZATION_LEVEL = "-O";
				VALIDATE_PRODUCT = YES;
			};
			name = Release;
		};
		3CA051E82238E70400DA81FF /* Debug */ = {
			isa = XCBuildConfiguration;
			baseConfigurationReference = F28C23B46C6BA0DA3D3F9DD9 /* Pods-LLFSwifDemo.debug.xcconfig */;
			buildSettings = {
				ASSETCATALOG_COMPILER_APPICON_NAME = AppIcon;
				ASSETCATALOG_COMPILER_LAUNCHIMAGE_NAME = LaunchImage;
				CLANG_ENABLE_MODULES = YES;
				CODE_SIGN_STYLE = Automatic;
				DEFINES_MODULE = YES;
				DEVELOPMENT_TEAM = HF95XL8283;
				GCC_PRECOMPILE_PREFIX_HEADER = YES;
				GCC_PREFIX_HEADER = "$(SRCROOT)/LLFSwifDemo/PrefixHeader.pch";
				INFOPLIST_FILE = LLFSwifDemo/Info.plist;
				IPHONEOS_DEPLOYMENT_TARGET = 10.0;
				LD_RUNPATH_SEARCH_PATHS = (
					"$(inherited)",
					"@executable_path/Frameworks",
				);
				PRODUCT_BUNDLE_IDENTIFIER = com.bangla.com.LLFSwifDemo;
				PRODUCT_NAME = "$(TARGET_NAME)";
				SWIFT_OBJC_BRIDGING_HEADER = "$(SRCROOT)/LLFSwifDemo/LLFSwifDemo-Bridging-Header.h";
				SWIFT_OPTIMIZATION_LEVEL = "-Onone";
				SWIFT_VERSION = 4.2;
				TARGETED_DEVICE_FAMILY = 1;
			};
			name = Debug;
		};
		3CA051E92238E70400DA81FF /* Release */ = {
			isa = XCBuildConfiguration;
			baseConfigurationReference = 3A32D3E3852BEEEB3B1263F0 /* Pods-LLFSwifDemo.release.xcconfig */;
			buildSettings = {
				ASSETCATALOG_COMPILER_APPICON_NAME = AppIcon;
				ASSETCATALOG_COMPILER_LAUNCHIMAGE_NAME = LaunchImage;
				CLANG_ENABLE_MODULES = YES;
				CODE_SIGN_STYLE = Automatic;
				DEFINES_MODULE = YES;
				DEVELOPMENT_TEAM = HF95XL8283;
				GCC_PRECOMPILE_PREFIX_HEADER = YES;
				GCC_PREFIX_HEADER = "$(SRCROOT)/LLFSwifDemo/PrefixHeader.pch";
				INFOPLIST_FILE = LLFSwifDemo/Info.plist;
				IPHONEOS_DEPLOYMENT_TARGET = 10.0;
				LD_RUNPATH_SEARCH_PATHS = (
					"$(inherited)",
					"@executable_path/Frameworks",
				);
				PRODUCT_BUNDLE_IDENTIFIER = com.bangla.com.LLFSwifDemo;
				PRODUCT_NAME = "$(TARGET_NAME)";
				SWIFT_OBJC_BRIDGING_HEADER = "$(SRCROOT)/LLFSwifDemo/LLFSwifDemo-Bridging-Header.h";
				SWIFT_VERSION = 4.2;
				TARGETED_DEVICE_FAMILY = 1;
			};
			name = Release;
		};
		3CA051EB2238E70400DA81FF /* Debug */ = {
			isa = XCBuildConfiguration;
			buildSettings = {
				ALWAYS_EMBED_SWIFT_STANDARD_LIBRARIES = YES;
				BUNDLE_LOADER = "$(TEST_HOST)";
				CODE_SIGN_STYLE = Automatic;
				DEVELOPMENT_TEAM = HF95XL8283;
				INFOPLIST_FILE = LLFSwifDemoTests/Info.plist;
				LD_RUNPATH_SEARCH_PATHS = (
					"$(inherited)",
					"@executable_path/Frameworks",
					"@loader_path/Frameworks",
				);
				PRODUCT_BUNDLE_IDENTIFIER = com.bangla.com.LLFSwifDemoTests;
				PRODUCT_NAME = "$(TARGET_NAME)";
				SWIFT_VERSION = 4.2;
				TARGETED_DEVICE_FAMILY = "1,2";
				TEST_HOST = "$(BUILT_PRODUCTS_DIR)/LLFSwifDemo.app/LLFSwifDemo";
			};
			name = Debug;
		};
		3CA051EC2238E70400DA81FF /* Release */ = {
			isa = XCBuildConfiguration;
			buildSettings = {
				ALWAYS_EMBED_SWIFT_STANDARD_LIBRARIES = YES;
				BUNDLE_LOADER = "$(TEST_HOST)";
				CODE_SIGN_STYLE = Automatic;
				DEVELOPMENT_TEAM = HF95XL8283;
				INFOPLIST_FILE = LLFSwifDemoTests/Info.plist;
				LD_RUNPATH_SEARCH_PATHS = (
					"$(inherited)",
					"@executable_path/Frameworks",
					"@loader_path/Frameworks",
				);
				PRODUCT_BUNDLE_IDENTIFIER = com.bangla.com.LLFSwifDemoTests;
				PRODUCT_NAME = "$(TARGET_NAME)";
				SWIFT_VERSION = 4.2;
				TARGETED_DEVICE_FAMILY = "1,2";
				TEST_HOST = "$(BUILT_PRODUCTS_DIR)/LLFSwifDemo.app/LLFSwifDemo";
			};
			name = Release;
		};
		3CA051EE2238E70400DA81FF /* Debug */ = {
			isa = XCBuildConfiguration;
			buildSettings = {
				ALWAYS_EMBED_SWIFT_STANDARD_LIBRARIES = YES;
				CODE_SIGN_STYLE = Automatic;
				DEVELOPMENT_TEAM = HF95XL8283;
				INFOPLIST_FILE = LLFSwifDemoUITests/Info.plist;
				LD_RUNPATH_SEARCH_PATHS = (
					"$(inherited)",
					"@executable_path/Frameworks",
					"@loader_path/Frameworks",
				);
				PRODUCT_BUNDLE_IDENTIFIER = com.bangla.com.LLFSwifDemoUITests;
				PRODUCT_NAME = "$(TARGET_NAME)";
				SWIFT_VERSION = 4.2;
				TARGETED_DEVICE_FAMILY = "1,2";
				TEST_TARGET_NAME = LLFSwifDemo;
			};
			name = Debug;
		};
		3CA051EF2238E70400DA81FF /* Release */ = {
			isa = XCBuildConfiguration;
			buildSettings = {
				ALWAYS_EMBED_SWIFT_STANDARD_LIBRARIES = YES;
				CODE_SIGN_STYLE = Automatic;
				DEVELOPMENT_TEAM = HF95XL8283;
				INFOPLIST_FILE = LLFSwifDemoUITests/Info.plist;
				LD_RUNPATH_SEARCH_PATHS = (
					"$(inherited)",
					"@executable_path/Frameworks",
					"@loader_path/Frameworks",
				);
				PRODUCT_BUNDLE_IDENTIFIER = com.bangla.com.LLFSwifDemoUITests;
				PRODUCT_NAME = "$(TARGET_NAME)";
				SWIFT_VERSION = 4.2;
				TARGETED_DEVICE_FAMILY = "1,2";
				TEST_TARGET_NAME = LLFSwifDemo;
			};
			name = Release;
		};
/* End XCBuildConfiguration section */

/* Begin XCConfigurationList section */
		3CA051BA2238E70200DA81FF /* Build configuration list for PBXProject "LLFSwifDemo" */ = {
			isa = XCConfigurationList;
			buildConfigurations = (
				3CA051E52238E70400DA81FF /* Debug */,
				3CA051E62238E70400DA81FF /* Release */,
			);
			defaultConfigurationIsVisible = 0;
			defaultConfigurationName = Release;
		};
		3CA051E72238E70400DA81FF /* Build configuration list for PBXNativeTarget "LLFSwifDemo" */ = {
			isa = XCConfigurationList;
			buildConfigurations = (
				3CA051E82238E70400DA81FF /* Debug */,
				3CA051E92238E70400DA81FF /* Release */,
			);
			defaultConfigurationIsVisible = 0;
			defaultConfigurationName = Release;
		};
		3CA051EA2238E70400DA81FF /* Build configuration list for PBXNativeTarget "LLFSwifDemoTests" */ = {
			isa = XCConfigurationList;
			buildConfigurations = (
				3CA051EB2238E70400DA81FF /* Debug */,
				3CA051EC2238E70400DA81FF /* Release */,
			);
			defaultConfigurationIsVisible = 0;
			defaultConfigurationName = Release;
		};
		3CA051ED2238E70400DA81FF /* Build configuration list for PBXNativeTarget "LLFSwifDemoUITests" */ = {
			isa = XCConfigurationList;
			buildConfigurations = (
				3CA051EE2238E70400DA81FF /* Debug */,
				3CA051EF2238E70400DA81FF /* Release */,
			);
			defaultConfigurationIsVisible = 0;
			defaultConfigurationName = Release;
		};
/* End XCConfigurationList section */
	};
	rootObject = 3CA051B72238E70200DA81FF /* Project object */;
}
